
Microsoft Visual Studio Solution File, Format Version 12.00
# Visual Studio Version 17
VisualStudioVersion = 17.6.33815.320
MinimumVisualStudioVersion = 10.0.40219.1
Project("{FAE04EC0-301F-11D3-BF4B-00C04F79EFBC}") = "ChessGame", "ChessGame.csproj", "{EAA76EE9-0F52-4A45-A066-6FE11DE55227}"
EndProject
Global
	GlobalSection(SolutionConfigurationPlatforms) = preSolution
		Debug|Any CPU = Debug|Any CPU
		Release|Any CPU = Release|Any CPU
	EndGlobalSection
	GlobalSection(ProjectConfigurationPlatforms) = postSolution
		{EAA76EE9-0F52-4A45-A066-6FE11DE55227}.Debug|Any CPU.ActiveCfg = Debug|Any CPU
		{EAA76EE9-0F52-4A45-A066-6FE11DE55227}.Debug|Any CPU.Build.0 = Debug|Any CPU
		{EAA76EE9-0F52-4A45-A066-6FE11DE55227}.Release|Any CPU.ActiveCfg = Release|Any CPU
		{EAA76EE9-0F52-4A45-A066-6FE11DE55227}.Release|Any CPU.Build.0 = Release|Any CPU
	EndGlobalSection
	GlobalSection(SolutionProperties) = preSolution
		HideSolutionNode = FALSE
	EndGlobalSection
	GlobalSection(ExtensibilityGlobals) = postSolution
		SolutionGuid = {92A7D4F2-748F-43C1-B2F4-C22B6CA6E396}
	EndGlobalSection
EndGlobal
